
Microsoft Visual Studio Solution File, Format Version 12.00
# Visual Studio Version 16
VisualStudioVersion = 16.0.31229.75
MinimumVisualStudioVersion = 10.0.40219.1
Project("{FAE04EC0-301F-11D3-BF4B-00C04F79EFBC}") = "Proyecto_Redes", "Proyecto_Redes\Proyecto_Redes.csproj", "{00215F21-2B9C-4FB1-AE33-285BE3383904}"
EndProject
Global
	GlobalSection(SolutionConfigurationPlatforms) = preSolution
		Debug|Any CPU = Debug|Any CPU
		Release|Any CPU = Release|Any CPU
	EndGlobalSection
	GlobalSection(ProjectConfigurationPlatforms) = postSolution
		{00215F21-2B9C-4FB1-AE33-285BE3383904}.Debug|Any CPU.ActiveCfg = Debug|Any CPU
		{00215F21-2B9C-4FB1-AE33-285BE3383904}.Debug|Any CPU.Build.0 = Debug|Any CPU
		{00215F21-2B9C-4FB1-AE33-285BE3383904}.Release|Any CPU.ActiveCfg = Release|Any CPU
		{00215F21-2B9C-4FB1-AE33-285BE3383904}.Release|Any CPU.Build.0 = Release|Any CPU
	EndGlobalSection
	GlobalSection(SolutionProperties) = preSolution
		HideSolutionNode = FALSE
	EndGlobalSection
	GlobalSection(ExtensibilityGlobals) = postSolution
		SolutionGuid = {1972964A-2F1C-4806-ADC0-3B6DD98BE049}
	EndGlobalSection
EndGlobal
